
Microsoft Visual Studio Solution File, Format Version 12.00
# Visual Studio Version 16
VisualStudioVersion = 16.0.31613.86
MinimumVisualStudioVersion = 10.0.40219.1
Project("{FAE04EC0-301F-11D3-BF4B-00C04F79EFBC}") = "AmigoExampleApp.Android", "AmigoExampleApp\AmigoExampleApp.Android\AmigoExampleApp.Android.csproj", "{C3581591-7D3D-45E6-BDBB-F83ACD0B3B6E}"
EndProject
Project("{FAE04EC0-301F-11D3-BF4B-00C04F79EFBC}") = "AmigoExampleApp.iOS", "AmigoExampleApp\AmigoExampleApp.iOS\AmigoExampleApp.iOS.csproj", "{2989BF9E-247E-4136-A24D-3CEADB906712}"
EndProject
Project("{FAE04EC0-301F-11D3-BF4B-00C04F79EFBC}") = "AmigoExampleApp", "AmigoExampleApp\AmigoExampleApp\AmigoExampleApp.csproj", "{7A8A0981-FB33-4949-A770-D81CC7CAFC18}"
EndProject
Global
	GlobalSection(SolutionConfigurationPlatforms) = preSolution
		Debug|Any CPU = Debug|Any CPU
		Debug|iPhone = Debug|iPhone
		Debug|iPhoneSimulator = Debug|iPhoneSimulator
		Release|Any CPU = Release|Any CPU
		Release|iPhone = Release|iPhone
		Release|iPhoneSimulator = Release|iPhoneSimulator
	EndGlobalSection
	GlobalSection(ProjectConfigurationPlatforms) = postSolution
		{C3581591-7D3D-45E6-BDBB-F83ACD0B3B6E}.Debug|Any CPU.ActiveCfg = Debug|Any CPU
		{C3581591-7D3D-45E6-BDBB-F83ACD0B3B6E}.Debug|Any CPU.Build.0 = Debug|Any CPU
		{C3581591-7D3D-45E6-BDBB-F83ACD0B3B6E}.Debug|Any CPU.Deploy.0 = Debug|Any CPU
		{C3581591-7D3D-45E6-BDBB-F83ACD0B3B6E}.Debug|iPhone.ActiveCfg = Debug|Any CPU
		{C3581591-7D3D-45E6-BDBB-F83ACD0B3B6E}.Debug|iPhone.Build.0 = Debug|Any CPU
		{C3581591-7D3D-45E6-BDBB-F83ACD0B3B6E}.Debug|iPhone.Deploy.0 = Debug|Any CPU
		{C3581591-7D3D-45E6-BDBB-F83ACD0B3B6E}.Debug|iPhoneSimulator.ActiveCfg = Debug|Any CPU
		{C3581591-7D3D-45E6-BDBB-F83ACD0B3B6E}.Debug|iPhoneSimulator.Build.0 = Debug|Any CPU
		{C3581591-7D3D-45E6-BDBB-F83ACD0B3B6E}.Debug|iPhoneSimulator.Deploy.0 = Debug|Any CPU
		{C3581591-7D3D-45E6-BDBB-F83ACD0B3B6E}.Release|Any CPU.ActiveCfg = Release|Any CPU
		{C3581591-7D3D-45E6-BDBB-F83ACD0B3B6E}.Release|Any CPU.Build.0 = Release|Any CPU
		{C3581591-7D3D-45E6-BDBB-F83ACD0B3B6E}.Release|Any CPU.Deploy.0 = Release|Any CPU
		{C3581591-7D3D-45E6-BDBB-F83ACD0B3B6E}.Release|iPhone.ActiveCfg = Release|Any CPU
		{C3581591-7D3D-45E6-BDBB-F83ACD0B3B6E}.Release|iPhone.Build.0 = Release|Any CPU
		{C3581591-7D3D-45E6-BDBB-F83ACD0B3B6E}.Release|iPhone.Deploy.0 = Release|Any CPU
		{C3581591-7D3D-45E6-BDBB-F83ACD0B3B6E}.Release|iPhoneSimulator.ActiveCfg = Release|Any CPU
		{C3581591-7D3D-45E6-BDBB-F83ACD0B3B6E}.Release|iPhoneSimulator.Build.0 = Release|Any CPU
		{C3581591-7D3D-45E6-BDBB-F83ACD0B3B6E}.Release|iPhoneSimulator.Deploy.0 = Release|Any CPU
		{2989BF9E-247E-4136-A24D-3CEADB906712}.Debug|Any CPU.ActiveCfg = Debug|iPhone
		{2989BF9E-247E-4136-A24D-3CEADB906712}.Debug|Any CPU.Build.0 = Debug|iPhone
		{2989BF9E-247E-4136-A24D-3CEADB906712}.Debug|Any CPU.Deploy.0 = Debug|iPhone
		{2989BF9E-247E-4136-A24D-3CEADB906712}.Debug|iPhone.ActiveCfg = Debug|iPhone
		{2989BF9E-247E-4136-A24D-3CEADB906712}.Debug|iPhone.Build.0 = Debug|iPhone
		{2989BF9E-247E-4136-A24D-3CEADB906712}.Debug|iPhone.Deploy.0 = Debug|iPhone
		{2989BF9E-247E-4136-A24D-3CEADB906712}.Debug|iPhoneSimulator.ActiveCfg = Debug|iPhoneSimulator
		{2989BF9E-247E-4136-A24D-3CEADB906712}.Debug|iPhoneSimulator.Build.0 = Debug|iPhoneSimulator
		{2989BF9E-247E-4136-A24D-3CEADB906712}.Debug|iPhoneSimulator.Deploy.0 = Debug|iPhoneSimulator
		{2989BF9E-247E-4136-A24D-3CEADB906712}.Release|Any CPU.ActiveCfg = Release|iPhoneSimulator
		{2989BF9E-247E-4136-A24D-3CEADB906712}.Release|Any CPU.Build.0 = Release|iPhoneSimulator
		{2989BF9E-247E-4136-A24D-3CEADB906712}.Release|Any CPU.Deploy.0 = Release|iPhoneSimulator
		{2989BF9E-247E-4136-A24D-3CEADB906712}.Release|iPhone.ActiveCfg = Release|iPhone
		{2989BF9E-247E-4136-A24D-3CEADB906712}.Release|iPhone.Build.0 = Release|iPhone
		{2989BF9E-247E-4136-A24D-3CEADB906712}.Release|iPhone.Deploy.0 = Release|iPhone
		{2989BF9E-247E-4136-A24D-3CEADB906712}.Release|iPhoneSimulator.ActiveCfg = Release|iPhoneSimulator
		{2989BF9E-247E-4136-A24D-3CEADB906712}.Release|iPhoneSimulator.Build.0 = Release|iPhoneSimulator
		{2989BF9E-247E-4136-A24D-3CEADB906712}.Release|iPhoneSimulator.Deploy.0 = Release|iPhoneSimulator
		{7A8A0981-FB33-4949-A770-D81CC7CAFC18}.Debug|Any CPU.ActiveCfg = Debug|Any CPU
		{7A8A0981-FB33-4949-A770-D81CC7CAFC18}.Debug|Any CPU.Build.0 = Debug|Any CPU
		{7A8A0981-FB33-4949-A770-D81CC7CAFC18}.Debug|Any CPU.Deploy.0 = Debug|Any CPU
		{7A8A0981-FB33-4949-A770-D81CC7CAFC18}.Debug|iPhone.ActiveCfg = Debug|Any CPU
		{7A8A0981-FB33-4949-A770-D81CC7CAFC18}.Debug|iPhone.Build.0 = Debug|Any CPU
		{7A8A0981-FB33-4949-A770-D81CC7CAFC18}.Debug|iPhone.Deploy.0 = Debug|Any CPU
		{7A8A0981-FB33-4949-A770-D81CC7CAFC18}.Debug|iPhoneSimulator.ActiveCfg = Debug|Any CPU
		{7A8A0981-FB33-4949-A770-D81CC7CAFC18}.Debug|iPhoneSimulator.Build.0 = Debug|Any CPU
		{7A8A0981-FB33-4949-A770-D81CC7CAFC18}.Debug|iPhoneSimulator.Deploy.0 = Debug|Any CPU
		{7A8A0981-FB33-4949-A770-D81CC7CAFC18}.Release|Any CPU.ActiveCfg = Release|Any CPU
		{7A8A0981-FB33-4949-A770-D81CC7CAFC18}.Release|Any CPU.Build.0 = Release|Any CPU
		{7A8A0981-FB33-4949-A770-D81CC7CAFC18}.Release|Any CPU.Deploy.0 = Release|Any CPU
		{7A8A0981-FB33-4949-A770-D81CC7CAFC18}.Release|iPhone.ActiveCfg = Release|Any CPU
		{7A8A0981-FB33-4949-A770-D81CC7CAFC18}.Release|iPhone.Build.0 = Release|Any CPU
		{7A8A0981-FB33-4949-A770-D81CC7CAFC18}.Release|iPhone.Deploy.0 = Release|Any CPU
		{7A8A0981-FB33-4949-A770-D81CC7CAFC18}.Release|iPhoneSimulator.ActiveCfg = Release|Any CPU
		{7A8A0981-FB33-4949-A770-D81CC7CAFC18}.Release|iPhoneSimulator.Build.0 = Release|Any CPU
		{7A8A0981-FB33-4949-A770-D81CC7CAFC18}.Release|iPhoneSimulator.Deploy.0 = Release|Any CPU
	EndGlobalSection
	GlobalSection(SolutionProperties) = preSolution
		HideSolutionNode = FALSE
	EndGlobalSection
	GlobalSection(ExtensibilityGlobals) = postSolution
		SolutionGuid = {AFC379A9-264D-46A7-8224-6CC8493CE927}
	EndGlobalSection
EndGlobal
